PODS:
  - MDMBundle (3.6.0):
    - MDMBundle/Release (= 3.6.0)
  - MDMBundle/Release (3.6.0)
  - MDMCore (0.0.2):
    - MDMCore/Release (= 0.0.2)
  - MDMCore/Release (0.0.2)
  - MDMNotification (3.6.1):
    - MDMNotification/Release (= 3.6.1)
  - MDMNotification/Release (3.6.1)

DEPENDENCIES:
  - MDMBundle (from `/Users/phelipelopes/Documents/github/test`)
  - MDMCore (from `/Users/phelipelopes/Documents/github/test`)
  - MDMNotification (from `/Users/phelipelopes/Documents/github/test`)

EXTERNAL SOURCES:
  MDMBundle:
    :path: "/Users/phelipelopes/Documents/github/test"
  MDMCore:
    :path: "/Users/phelipelopes/Documents/github/test"
  MDMNotification:
    :path: "/Users/phelipelopes/Documents/github/test"

SPEC CHECKSUMS:
  MDMBundle: fa66fab33f5b08aea97552ccf08cf598ae9a4e5c
  MDMCore: 3b1001db3989a1c4eed1ef452f5cce3a7dc1af5f
  MDMNotification: 3669324ce97cef732b985d2b363c3db786475dcd

PODFILE CHECKSUM: 5d8ff390ebbe722d98cd6e4ad0e8a1829d2dbd8d

COCOAPODS: 1.11.3
