PODS:
  - MDMAppBehavior (3.9.14):
    - MDMAppBehavior/MDM (= 3.9.14)
  - MDMAppBehavior/MDM (3.9.14):
    - MDMCore (= 3.9.14)
  - MDMBundle (3.9.14):
    - MDMBundle/MDM (= 3.9.14)
  - MDMBundle/MDM (3.9.14):
    - MDMAppBehavior (= 3.9.14)
    - MDMCore (= 3.9.14)
    - MDMGeoBehavior (= 3.9.14)
    - MDMNotification (= 3.9.14)
  - MDMCore (3.9.14)
  - MDMGeoBehavior (3.9.14):
    - MDMGeoBehavior/MDM (= 3.9.14)
  - MDMGeoBehavior/MDM (3.9.14):
    - MDMCore (= 3.9.14)
  - MDMNotification (3.9.14):
    - MDMNotification/MDM (= 3.9.14)
  - MDMNotification/MDM (3.9.14):
    - MDMCore (= 3.9.14)

DEPENDENCIES:
  - MDMBundle (= 3.9.14)
  - MDMCore (= 3.9.14)
  - MDMNotification (= 3.9.14)

SPEC REPOS:
  trunk:
    - MDMAppBehavior
    - MDMBundle
    - MDMCore
    - MDMGeoBehavior
    - MDMNotification

SPEC CHECKSUMS:
  MDMAppBehavior: 272d8728b1176e519fd65a23374d030280acb7ba
  MDMBundle: a1ee752b4cb652ba001582826484be57daeb347b
  MDMCore: 7892b84df7deb50dabcfd31482c9e05ea5f84d30
  MDMGeoBehavior: 504b90281f37ae9a5f64ca88d1c7331692ccad08
  MDMNotification: 46a06a9145004aaa681f996dd965d0269b48261d

PODFILE CHECKSUM: 511f2e59ae2f06f7ae22ca69624a3a1671b0dcf0

COCOAPODS: 1.15.2
